
Microsoft Visual Studio Solution File, Format Version 12.00
# Visual Studio 17
VisualStudioVersion = 15.0.27428.2011
MinimumVisualStudioVersion = 10.0.40219.1
Project("{8BC9CEB8-8B4A-11D0-8D11-00A0C91BC942}") = "DirectX11", "DirectX11\DirectX11.vcxproj", "{92A679C7-A67F-4B16-B055-7A2F4C23DD80}"
	ProjectSection(ProjectDependencies) = postProject
		{374CBD29-E904-48E5-BF6F-A464B1EDCA86} = {374CBD29-E904-48E5-BF6F-A464B1EDCA86}
		{59A9B0C6-8302-48A9-96E0-126FB32FB9ED} = {59A9B0C6-8302-48A9-96E0-126FB32FB9ED}
		{258D0AD2-B762-41E3-A0C1-CF831D859DA4} = {258D0AD2-B762-41E3-A0C1-CF831D859DA4}
		{E0B52AE7-E160-4D32-BF3F-910B785E5A8E} = {E0B52AE7-E160-4D32-BF3F-910B785E5A8E}
	EndProjectSection
EndProject
Project("{8BC9CEB8-8B4A-11D0-8D11-00A0C91BC942}") = "DirectX9", "DirectX9\DirectX9.vcxproj", "{4265C0D8-8671-49C0-8EB5-EB940FD08482}"
	ProjectSection(ProjectDependencies) = postProject
		{374CBD29-E904-48E5-BF6F-A464B1EDCA86} = {374CBD29-E904-48E5-BF6F-A464B1EDCA86}
	EndProjectSection
EndProject
Project("{8BC9CEB8-8B4A-11D0-8D11-00A0C91BC942}") = "DirectX10", "DirectX10\DirectX10.vcxproj", "{C9205DC6-7CE4-4939-9EFC-FE61483CCE01}"
EndProject
Project("{8BC9CEB8-8B4A-11D0-8D11-00A0C91BC942}") = "DirectXGI", "DirectXGI\DirectXGI.vcxproj", "{16459E48-9CD1-49FE-8703-D8B275CFCE1E}"
EndProject
Project("{8BC9CEB8-8B4A-11D0-8D11-00A0C91BC942}") = "NVAPI", "NVAPI\NVAPI.vcxproj", "{374CBD29-E904-48E5-BF6F-A464B1EDCA86}"
	ProjectSection(ProjectDependencies) = postProject
		{E0B52AE7-E160-4D32-BF3F-910B785E5A8E} = {E0B52AE7-E160-4D32-BF3F-910B785E5A8E}
	EndProjectSection
EndProject
Project("{8BC9CEB8-8B4A-11D0-8D11-00A0C91BC942}") = "D3DCompiler_42", "D3DCompiler_42\D3DCompiler_42.vcxproj", "{6B6A1EF6-CDED-4BC9-B32D-8C0AB051F620}"
EndProject
Project("{8BC9CEB8-8B4A-11D0-8D11-00A0C91BC942}") = "D3DCompiler_43", "D3DCompiler_43\D3DCompiler_43.vcxproj", "{D831CD64-E2AF-4CEB-97BB-5946F829A40B}"
EndProject
Project("{8BC9CEB8-8B4A-11D0-8D11-00A0C91BC942}") = "D3DCompiler_46", "D3DCompiler_46\D3DCompiler_46.vcxproj", "{0783CE5A-6B8F-4E16-A26F-04F9F21AD078}"
EndProject
Project("{8BC9CEB8-8B4A-11D0-8D11-00A0C91BC942}") = "D3DCompiler_39", "D3DCompiler_39\D3DCompiler_39.vcxproj", "{3D750839-C456-4374-9C21-BF596576D8FF}"
EndProject
Project("{8BC9CEB8-8B4A-11D0-8D11-00A0C91BC942}") = "D3DCompiler_41", "D3DCompiler_41\D3DCompiler_41.vcxproj", "{EB4987CD-CFEE-455A-B678-6D398F0DA30A}"
EndProject
Project("{8BC9CEB8-8B4A-11D0-8D11-00A0C91BC942}") = "BinaryDecompiler", "BinaryDecompiler\BinaryDecompiler.vcxproj", "{258D0AD2-B762-41E3-A0C1-CF831D859DA4}"
EndProject
Project("{2150E333-8FDC-42A3-9474-1A3956D46DE8}") = "Solution Items", "Solution Items", "{1693604A-42AF-4848-B892-D1540FB17FDE}"
EndProject
Project("{8BC9CEB8-8B4A-11D0-8D11-00A0C91BC942}") = "D3D_Shaders", "D3D_Shaders\D3D_Shaders.vcxproj", "{59A9B0C6-8302-48A9-96E0-126FB32FB9ED}"
EndProject
Project("{2150E333-8FDC-42A3-9474-1A3956D46DE8}") = "Nektra", "Nektra", "{0893CB33-AB1E-4391-A284-B7292160549C}"
	ProjectSection(SolutionItems) = preProject
		Nektra\NktHookLib.h = Nektra\NktHookLib.h
		Nektra\NktHookLib.lib = Nektra\NktHookLib.lib
		Nektra\nkthooklib.pdb = Nektra\nkthooklib.pdb
		Nektra\NktHookLib64.lib = Nektra\NktHookLib64.lib
		Nektra\nkthooklib64.pdb = Nektra\nkthooklib64.pdb
		Nektra\NktHookLib64_Debug.lib = Nektra\NktHookLib64_Debug.lib
		Nektra\nkthooklib64_debug.pdb = Nektra\nkthooklib64_debug.pdb
		Nektra\NktHookLib_Debug.lib = Nektra\NktHookLib_Debug.lib
		Nektra\nkthooklib_debug.pdb = Nektra\nkthooklib_debug.pdb
	EndProjectSection
EndProject
Project("{8BC9CEB8-8B4A-11D0-8D11-00A0C91BC942}") = "cmd_Decompiler", "HLSLDecompiler\cmd_Decompiler\cmd_Decompiler.vcxproj", "{25E1F732-DCF5-428E-928D-D39C499CC95F}"
EndProject
Project("{2150E333-8FDC-42A3-9474-1A3956D46DE8}") = "Build Tools", "Build Tools", "{09915712-7D63-41F9-8110-D5667F1F9FCF}"
	ProjectSection(SolutionItems) = preProject
		7zip\7za.exe = 7zip\7za.exe
		CopyToGames.bat = CopyToGames.bat
		Publish.bat = Publish.bat
	EndProjectSection
EndProject
Project("{2150E333-8FDC-42A3-9474-1A3956D46DE8}") = "Dependencies", "Dependencies", "{83DCC342-4199-4E03-B720-80E5EDF18500}"
	ProjectSection(SolutionItems) = preProject
		Dependencies\d3dx.ini = Dependencies\d3dx.ini
		Dependencies\uninstall.bat = Dependencies\uninstall.bat
	EndProjectSection
EndProject
Project("{2150E333-8FDC-42A3-9474-1A3956D46DE8}") = "pcre2", "pcre2", "{2356EA4F-1B7B-439C-803F-6F30F7A86FE3}"
	ProjectSection(SolutionItems) = preProject
		pcre2\pcre2-32.lib = pcre2\pcre2-32.lib
		pcre2\pcre2-32d.lib = pcre2\pcre2-32d.lib
		pcre2\pcre2-64.lib = pcre2\pcre2-64.lib
		pcre2\pcre2-64d.lib = pcre2\pcre2-64d.lib
		pcre2\pcre2.h = pcre2\pcre2.h
	EndProjectSection
EndProject
Project("{8BC9CEB8-8B4A-11D0-8D11-00A0C91BC942}") = "DirectXTK_Desktop_2017", "DirectXTK\DirectXTK_Desktop_2017.vcxproj", "{E0B52AE7-E160-4D32-BF3F-910B785E5A8E}"
EndProject
Project("{8BC9CEB8-8B4A-11D0-8D11-00A0C91BC942}") = "Injector", "Injector\Injector.vcxproj", "{8747D291-5845-4743-B3ED-FB418FCCC817}"
EndProject
Global
	GlobalSection(SolutionConfigurationPlatforms) = preSolution
		Debug|Win32 = Debug|Win32
		Debug|x64 = Debug|x64
		Release|Win32 = Release|Win32
		Release|x64 = Release|x64
		Zip Release|Win32 = Zip Release|Win32
		Zip Release|x64 = Zip Release|x64
	EndGlobalSection
	GlobalSection(ProjectConfigurationPlatforms) = postSolution
		{4265C0D8-8671-49C0-8EB5-EB940FD08482}.Debug|Win32.ActiveCfg = Debug|Win32
		{4265C0D8-8671-49C0-8EB5-EB940FD08482}.Debug|x64.ActiveCfg = Debug|x64
		{4265C0D8-8671-49C0-8EB5-EB940FD08482}.Release|Win32.ActiveCfg = Release|Win32
		{4265C0D8-8671-49C0-8EB5-EB940FD08482}.Release|x64.ActiveCfg = Release|x64
		{4265C0D8-8671-49C0-8EB5-EB940FD08482}.Zip Release|Win32.ActiveCfg = Zip Release|Win32
		{4265C0D8-8671-49C0-8EB5-EB940FD08482}.Zip Release|x64.ActiveCfg = Zip Release|x64
		{C9205DC6-7CE4-4939-9EFC-FE61483CCE01}.Debug|Win32.ActiveCfg = Debug|Win32
		{C9205DC6-7CE4-4939-9EFC-FE61483CCE01}.Debug|x64.ActiveCfg = Debug|x64
		{C9205DC6-7CE4-4939-9EFC-FE61483CCE01}.Release|Win32.ActiveCfg = Release|Win32
		{C9205DC6-7CE4-4939-9EFC-FE61483CCE01}.Release|x64.ActiveCfg = Release|x64
		{C9205DC6-7CE4-4939-9EFC-FE61483CCE01}.Zip Release|Win32.ActiveCfg = Zip Release|Win32
		{C9205DC6-7CE4-4939-9EFC-FE61483CCE01}.Zip Release|x64.ActiveCfg = Zip Release|x64
		{92A679C7-A67F-4B16-B055-7A2F4C23DD80}.Debug|Win32.ActiveCfg = Debug|Win32
		{92A679C7-A67F-4B16-B055-7A2F4C23DD80}.Debug|Win32.Build.0 = Debug|Win32
		{92A679C7-A67F-4B16-B055-7A2F4C23DD80}.Debug|x64.ActiveCfg = Debug|x64
		{92A679C7-A67F-4B16-B055-7A2F4C23DD80}.Debug|x64.Build.0 = Debug|x64
		{92A679C7-A67F-4B16-B055-7A2F4C23DD80}.Release|Win32.ActiveCfg = Release|Win32
		{92A679C7-A67F-4B16-B055-7A2F4C23DD80}.Release|Win32.Build.0 = Release|Win32
		{92A679C7-A67F-4B16-B055-7A2F4C23DD80}.Release|x64.ActiveCfg = Release|x64
		{92A679C7-A67F-4B16-B055-7A2F4C23DD80}.Release|x64.Build.0 = Release|x64
		{92A679C7-A67F-4B16-B055-7A2F4C23DD80}.Zip Release|Win32.ActiveCfg = Zip Release|Win32
		{92A679C7-A67F-4B16-B055-7A2F4C23DD80}.Zip Release|Win32.Build.0 = Zip Release|Win32
		{92A679C7-A67F-4B16-B055-7A2F4C23DD80}.Zip Release|x64.ActiveCfg = Zip Release|x64
		{92A679C7-A67F-4B16-B055-7A2F4C23DD80}.Zip Release|x64.Build.0 = Zip Release|x64
		{16459E48-9CD1-49FE-8703-D8B275CFCE1E}.Debug|Win32.ActiveCfg = Debug|Win32
		{16459E48-9CD1-49FE-8703-D8B275CFCE1E}.Debug|x64.ActiveCfg = Debug|x64
		{16459E48-9CD1-49FE-8703-D8B275CFCE1E}.Release|Win32.ActiveCfg = Release|Win32
		{16459E48-9CD1-49FE-8703-D8B275CFCE1E}.Release|x64.ActiveCfg = Release|x64
		{16459E48-9CD1-49FE-8703-D8B275CFCE1E}.Zip Release|Win32.ActiveCfg = Zip Release|Win32
		{16459E48-9CD1-49FE-8703-D8B275CFCE1E}.Zip Release|x64.ActiveCfg = Zip Release|x64
		{374CBD29-E904-48E5-BF6F-A464B1EDCA86}.Debug|Win32.ActiveCfg = Debug|Win32
		{374CBD29-E904-48E5-BF6F-A464B1EDCA86}.Debug|Win32.Build.0 = Debug|Win32
		{374CBD29-E904-48E5-BF6F-A464B1EDCA86}.Debug|x64.ActiveCfg = Debug|x64
		{374CBD29-E904-48E5-BF6F-A464B1EDCA86}.Debug|x64.Build.0 = Debug|x64
		{374CBD29-E904-48E5-BF6F-A464B1EDCA86}.Release|Win32.ActiveCfg = Release|Win32
		{374CBD29-E904-48E5-BF6F-A464B1EDCA86}.Release|Win32.Build.0 = Release|Win32
		{374CBD29-E904-48E5-BF6F-A464B1EDCA86}.Release|x64.ActiveCfg = Release|x64
		{374CBD29-E904-48E5-BF6F-A464B1EDCA86}.Release|x64.Build.0 = Release|x64
		{374CBD29-E904-48E5-BF6F-A464B1EDCA86}.Zip Release|Win32.ActiveCfg = Zip Release|Win32
		{374CBD29-E904-48E5-BF6F-A464B1EDCA86}.Zip Release|Win32.Build.0 = Zip Release|Win32
		{374CBD29-E904-48E5-BF6F-A464B1EDCA86}.Zip Release|x64.ActiveCfg = Zip Release|x64
		{374CBD29-E904-48E5-BF6F-A464B1EDCA86}.Zip Release|x64.Build.0 = Zip Release|x64
		{6B6A1EF6-CDED-4BC9-B32D-8C0AB051F620}.Debug|Win32.ActiveCfg = Debug|Win32
		{6B6A1EF6-CDED-4BC9-B32D-8C0AB051F620}.Debug|x64.ActiveCfg = Debug|x64
		{6B6A1EF6-CDED-4BC9-B32D-8C0AB051F620}.Release|Win32.ActiveCfg = Release|Win32
		{6B6A1EF6-CDED-4BC9-B32D-8C0AB051F620}.Release|x64.ActiveCfg = Release|x64
		{6B6A1EF6-CDED-4BC9-B32D-8C0AB051F620}.Zip Release|Win32.ActiveCfg = Zip Release|Win32
		{6B6A1EF6-CDED-4BC9-B32D-8C0AB051F620}.Zip Release|x64.ActiveCfg = Zip Release|x64
		{D831CD64-E2AF-4CEB-97BB-5946F829A40B}.Debug|Win32.ActiveCfg = Debug|Win32
		{D831CD64-E2AF-4CEB-97BB-5946F829A40B}.Debug|x64.ActiveCfg = Debug|x64
		{D831CD64-E2AF-4CEB-97BB-5946F829A40B}.Release|Win32.ActiveCfg = Release|Win32
		{D831CD64-E2AF-4CEB-97BB-5946F829A40B}.Release|x64.ActiveCfg = Release|x64
		{D831CD64-E2AF-4CEB-97BB-5946F829A40B}.Zip Release|Win32.ActiveCfg = Zip Release|Win32
		{D831CD64-E2AF-4CEB-97BB-5946F829A40B}.Zip Release|x64.ActiveCfg = Zip Release|x64
		{0783CE5A-6B8F-4E16-A26F-04F9F21AD078}.Debug|Win32.ActiveCfg = Debug|Win32
		{0783CE5A-6B8F-4E16-A26F-04F9F21AD078}.Debug|x64.ActiveCfg = Debug|x64
		{0783CE5A-6B8F-4E16-A26F-04F9F21AD078}.Release|Win32.ActiveCfg = Release|Win32
		{0783CE5A-6B8F-4E16-A26F-04F9F21AD078}.Release|x64.ActiveCfg = Release|x64
		{0783CE5A-6B8F-4E16-A26F-04F9F21AD078}.Zip Release|Win32.ActiveCfg = Zip Release|Win32
		{0783CE5A-6B8F-4E16-A26F-04F9F21AD078}.Zip Release|x64.ActiveCfg = Zip Release|x64
		{3D750839-C456-4374-9C21-BF596576D8FF}.Debug|Win32.ActiveCfg = Debug|Win32
		{3D750839-C456-4374-9C21-BF596576D8FF}.Debug|x64.ActiveCfg = Debug|x64
		{3D750839-C456-4374-9C21-BF596576D8FF}.Release|Win32.ActiveCfg = Release|Win32
		{3D750839-C456-4374-9C21-BF596576D8FF}.Release|x64.ActiveCfg = Release|x64
		{3D750839-C456-4374-9C21-BF596576D8FF}.Zip Release|Win32.ActiveCfg = Zip Release|Win32
		{3D750839-C456-4374-9C21-BF596576D8FF}.Zip Release|x64.ActiveCfg = Zip Release|x64
		{EB4987CD-CFEE-455A-B678-6D398F0DA30A}.Debug|Win32.ActiveCfg = Debug|Win32
		{EB4987CD-CFEE-455A-B678-6D398F0DA30A}.Debug|x64.ActiveCfg = Debug|x64
		{EB4987CD-CFEE-455A-B678-6D398F0DA30A}.Release|Win32.ActiveCfg = Release|Win32
		{EB4987CD-CFEE-455A-B678-6D398F0DA30A}.Release|x64.ActiveCfg = Release|x64
		{EB4987CD-CFEE-455A-B678-6D398F0DA30A}.Zip Release|Win32.ActiveCfg = Zip Release|Win32
		{EB4987CD-CFEE-455A-B678-6D398F0DA30A}.Zip Release|x64.ActiveCfg = Zip Release|x64
		{258D0AD2-B762-41E3-A0C1-CF831D859DA4}.Debug|Win32.ActiveCfg = Debug|Win32
		{258D0AD2-B762-41E3-A0C1-CF831D859DA4}.Debug|Win32.Build.0 = Debug|Win32
		{258D0AD2-B762-41E3-A0C1-CF831D859DA4}.Debug|x64.ActiveCfg = Debug|x64
		{258D0AD2-B762-41E3-A0C1-CF831D859DA4}.Debug|x64.Build.0 = Debug|x64
		{258D0AD2-B762-41E3-A0C1-CF831D859DA4}.Release|Win32.ActiveCfg = Release|Win32
		{258D0AD2-B762-41E3-A0C1-CF831D859DA4}.Release|Win32.Build.0 = Release|Win32
		{258D0AD2-B762-41E3-A0C1-CF831D859DA4}.Release|x64.ActiveCfg = Release|x64
		{258D0AD2-B762-41E3-A0C1-CF831D859DA4}.Release|x64.Build.0 = Release|x64
		{258D0AD2-B762-41E3-A0C1-CF831D859DA4}.Zip Release|Win32.ActiveCfg = Zip Release|Win32
		{258D0AD2-B762-41E3-A0C1-CF831D859DA4}.Zip Release|Win32.Build.0 = Zip Release|Win32
		{258D0AD2-B762-41E3-A0C1-CF831D859DA4}.Zip Release|x64.ActiveCfg = Zip Release|x64
		{258D0AD2-B762-41E3-A0C1-CF831D859DA4}.Zip Release|x64.Build.0 = Zip Release|x64
		{59A9B0C6-8302-48A9-96E0-126FB32FB9ED}.Debug|Win32.ActiveCfg = Debug|Win32
		{59A9B0C6-8302-48A9-96E0-126FB32FB9ED}.Debug|x64.ActiveCfg = Debug|x64
		{59A9B0C6-8302-48A9-96E0-126FB32FB9ED}.Release|Win32.ActiveCfg = Release|Win32
		{59A9B0C6-8302-48A9-96E0-126FB32FB9ED}.Release|x64.ActiveCfg = Release|x64
		{59A9B0C6-8302-48A9-96E0-126FB32FB9ED}.Zip Release|Win32.ActiveCfg = Release|Win32
		{59A9B0C6-8302-48A9-96E0-126FB32FB9ED}.Zip Release|x64.ActiveCfg = Release|x64
		{25E1F732-DCF5-428E-928D-D39C499CC95F}.Debug|Win32.ActiveCfg = Debug|Win32
		{25E1F732-DCF5-428E-928D-D39C499CC95F}.Debug|Win32.Build.0 = Debug|Win32
		{25E1F732-DCF5-428E-928D-D39C499CC95F}.Debug|x64.ActiveCfg = Debug|x64
		{25E1F732-DCF5-428E-928D-D39C499CC95F}.Debug|x64.Build.0 = Debug|x64
		{25E1F732-DCF5-428E-928D-D39C499CC95F}.Release|Win32.ActiveCfg = Release|Win32
		{25E1F732-DCF5-428E-928D-D39C499CC95F}.Release|x64.ActiveCfg = Release|x64
		{25E1F732-DCF5-428E-928D-D39C499CC95F}.Zip Release|Win32.ActiveCfg = Zip Release|Win32
		{25E1F732-DCF5-428E-928D-D39C499CC95F}.Zip Release|Win32.Build.0 = Zip Release|Win32
		{25E1F732-DCF5-428E-928D-D39C499CC95F}.Zip Release|x64.ActiveCfg = Zip Release|x64
		{25E1F732-DCF5-428E-928D-D39C499CC95F}.Zip Release|x64.Build.0 = Zip Release|x64
		{E0B52AE7-E160-4D32-BF3F-910B785E5A8E}.Debug|Win32.ActiveCfg = Debug|Win32
		{E0B52AE7-E160-4D32-BF3F-910B785E5A8E}.Debug|Win32.Build.0 = Debug|Win32
		{E0B52AE7-E160-4D32-BF3F-910B785E5A8E}.Debug|x64.ActiveCfg = Debug|x64
		{E0B52AE7-E160-4D32-BF3F-910B785E5A8E}.Debug|x64.Build.0 = Debug|x64
		{E0B52AE7-E160-4D32-BF3F-910B785E5A8E}.Release|Win32.ActiveCfg = Release|Win32
		{E0B52AE7-E160-4D32-BF3F-910B785E5A8E}.Release|Win32.Build.0 = Release|Win32
		{E0B52AE7-E160-4D32-BF3F-910B785E5A8E}.Release|x64.ActiveCfg = Release|x64
		{E0B52AE7-E160-4D32-BF3F-910B785E5A8E}.Release|x64.Build.0 = Release|x64
		{E0B52AE7-E160-4D32-BF3F-910B785E5A8E}.Zip Release|Win32.ActiveCfg = Release|Win32
		{E0B52AE7-E160-4D32-BF3F-910B785E5A8E}.Zip Release|Win32.Build.0 = Release|Win32
		{E0B52AE7-E160-4D32-BF3F-910B785E5A8E}.Zip Release|x64.ActiveCfg = Release|x64
		{E0B52AE7-E160-4D32-BF3F-910B785E5A8E}.Zip Release|x64.Build.0 = Release|x64
		{8747D291-5845-4743-B3ED-FB418FCCC817}.Debug|Win32.ActiveCfg = Debug|Win32
		{8747D291-5845-4743-B3ED-FB418FCCC817}.Debug|Win32.Build.0 = Debug|Win32
		{8747D291-5845-4743-B3ED-FB418FCCC817}.Debug|x64.ActiveCfg = Debug|x64
		{8747D291-5845-4743-B3ED-FB418FCCC817}.Debug|x64.Build.0 = Debug|x64
		{8747D291-5845-4743-B3ED-FB418FCCC817}.Release|Win32.ActiveCfg = Release|Win32
		{8747D291-5845-4743-B3ED-FB418FCCC817}.Release|Win32.Build.0 = Release|Win32
		{8747D291-5845-4743-B3ED-FB418FCCC817}.Release|x64.ActiveCfg = Release|x64
		{8747D291-5845-4743-B3ED-FB418FCCC817}.Release|x64.Build.0 = Release|x64
		{8747D291-5845-4743-B3ED-FB418FCCC817}.Zip Release|Win32.ActiveCfg = Zip Release|Win32
		{8747D291-5845-4743-B3ED-FB418FCCC817}.Zip Release|Win32.Build.0 = Zip Release|Win32
		{8747D291-5845-4743-B3ED-FB418FCCC817}.Zip Release|x64.ActiveCfg = Zip Release|x64
		{8747D291-5845-4743-B3ED-FB418FCCC817}.Zip Release|x64.Build.0 = Zip Release|x64
	EndGlobalSection
	GlobalSection(SolutionProperties) = preSolution
		HideSolutionNode = FALSE
	EndGlobalSection
	GlobalSection(NestedProjects) = preSolution
		{0893CB33-AB1E-4391-A284-B7292160549C} = {83DCC342-4199-4E03-B720-80E5EDF18500}
		{09915712-7D63-41F9-8110-D5667F1F9FCF} = {1693604A-42AF-4848-B892-D1540FB17FDE}
		{83DCC342-4199-4E03-B720-80E5EDF18500} = {1693604A-42AF-4848-B892-D1540FB17FDE}
		{2356EA4F-1B7B-439C-803F-6F30F7A86FE3} = {83DCC342-4199-4E03-B720-80E5EDF18500}
	EndGlobalSection
	GlobalSection(ExtensibilityGlobals) = postSolution
		SolutionGuid = {A93030B7-FA63-4CBB-87C6-2E430AF6A6BA}
	EndGlobalSection
EndGlobal
