
Microsoft Visual Studio Solution File, Format Version 12.00
# Visual Studio 2013
VisualStudioVersion = 12.0.30110.0
MinimumVisualStudioVersion = 10.0.40219.1
Project("{8BC9CEB8-8B4A-11D0-8D11-00A0C91BC942}") = "DirectX9", "DirectX9\DirectX9.vcxproj", "{4265C0D8-8671-49C0-8EB5-EB940FD08482}"
EndProject
Project("{8BC9CEB8-8B4A-11D0-8D11-00A0C91BC942}") = "DirectX10", "DirectX10\DirectX10.vcxproj", "{C9205DC6-7CE4-4939-9EFC-FE61483CCE01}"
EndProject
Project("{8BC9CEB8-8B4A-11D0-8D11-00A0C91BC942}") = "DirectX11", "DirectX11\DirectX11.vcxproj", "{92A679C7-A67F-4B16-B055-7A2F4C23DD80}"
	ProjectSection(ProjectDependencies) = postProject
		{374CBD29-E904-48E5-BF6F-A464B1EDCA86} = {374CBD29-E904-48E5-BF6F-A464B1EDCA86}
		{16459E48-9CD1-49FE-8703-D8B275CFCE1E} = {16459E48-9CD1-49FE-8703-D8B275CFCE1E}
		{0783CE5A-6B8F-4E16-A26F-04F9F21AD078} = {0783CE5A-6B8F-4E16-A26F-04F9F21AD078}
		{258D0AD2-B762-41E3-A0C1-CF831D859DA4} = {258D0AD2-B762-41E3-A0C1-CF831D859DA4}
	EndProjectSection
EndProject
Project("{8BC9CEB8-8B4A-11D0-8D11-00A0C91BC942}") = "DirectXGI", "DirectXGI\DirectXGI.vcxproj", "{16459E48-9CD1-49FE-8703-D8B275CFCE1E}"
EndProject
Project("{8BC9CEB8-8B4A-11D0-8D11-00A0C91BC942}") = "NVAPI", "NVAPI\NVAPI.vcxproj", "{374CBD29-E904-48E5-BF6F-A464B1EDCA86}"
EndProject
Project("{8BC9CEB8-8B4A-11D0-8D11-00A0C91BC942}") = "D3DCompiler_42", "D3DCompiler_42\D3DCompiler_42.vcxproj", "{6B6A1EF6-CDED-4BC9-B32D-8C0AB051F620}"
EndProject
Project("{8BC9CEB8-8B4A-11D0-8D11-00A0C91BC942}") = "D3DCompiler_43", "D3DCompiler_43\D3DCompiler_43.vcxproj", "{D831CD64-E2AF-4CEB-97BB-5946F829A40B}"
EndProject
Project("{8BC9CEB8-8B4A-11D0-8D11-00A0C91BC942}") = "D3DCompiler_46", "D3DCompiler_46\D3DCompiler_46.vcxproj", "{0783CE5A-6B8F-4E16-A26F-04F9F21AD078}"
EndProject
Project("{8BC9CEB8-8B4A-11D0-8D11-00A0C91BC942}") = "D3DCompiler_39", "D3DCompiler_39\D3DCompiler_39.vcxproj", "{3D750839-C456-4374-9C21-BF596576D8FF}"
EndProject
Project("{8BC9CEB8-8B4A-11D0-8D11-00A0C91BC942}") = "D3DCompiler_41", "D3DCompiler_41\D3DCompiler_41.vcxproj", "{EB4987CD-CFEE-455A-B678-6D398F0DA30A}"
EndProject
Project("{8BC9CEB8-8B4A-11D0-8D11-00A0C91BC942}") = "BinaryDecompiler", "BinaryDecompiler\BinaryDecompiler.vcxproj", "{258D0AD2-B762-41E3-A0C1-CF831D859DA4}"
EndProject
Project("{2150E333-8FDC-42A3-9474-1A3956D46DE8}") = "Solution Items", "Solution Items", "{1693604A-42AF-4848-B892-D1540FB17FDE}"
	ProjectSection(SolutionItems) = preProject
		7zip\7za.exe = 7zip\7za.exe
		CopyToGames.bat = CopyToGames.bat
		AC3\d3dx.ini = AC3\d3dx.ini
		uninstall.bat = uninstall.bat
	EndProjectSection
EndProject
Project("{8BC9CEB8-8B4A-11D0-8D11-00A0C91BC942}") = "D3D_Shaders", "D3D_Shaders\D3D_Shaders.vcxproj", "{59A9B0C6-8302-48A9-96E0-126FB32FB9ED}"
EndProject
Project("{2150E333-8FDC-42A3-9474-1A3956D46DE8}") = "Dependencies", "Dependencies", "{881AED83-BA3E-4BF3-B3A3-782E82BE575C}"
	ProjectSection(SolutionItems) = preProject
		Dependencies\D3DCompiler_39_org.dll = Dependencies\D3DCompiler_39_org.dll
		Dependencies\D3DCompiler_41_org.dll = Dependencies\D3DCompiler_41_org.dll
		Dependencies\D3DCompiler_42_org.dll = Dependencies\D3DCompiler_42_org.dll
		Dependencies\D3DCompiler_43_org.dll = Dependencies\D3DCompiler_43_org.dll
		Dependencies\D3DCompiler_46_org.dll = Dependencies\D3DCompiler_46_org.dll
		AC3\d3dx.ini = AC3\d3dx.ini
		Dependencies\XInput9_1_0.dll = Dependencies\XInput9_1_0.dll
	EndProjectSection
EndProject
Project("{2150E333-8FDC-42A3-9474-1A3956D46DE8}") = "AC3", "AC3", "{15D3946B-453B-43FF-9CC9-800DD2256C2C}"
	ProjectSection(SolutionItems) = preProject
		AC3\234487abf9e7f649-ps.txt = AC3\234487abf9e7f649-ps.txt
		AC3\234487abf9e7f649-ps_replace.txt = AC3\234487abf9e7f649-ps_replace.txt
		AC3\30970ea6391c6727-ps.txt = AC3\30970ea6391c6727-ps.txt
		AC3\30970ea6391c6727-ps_replace.txt = AC3\30970ea6391c6727-ps_replace.txt
		AC3\555bc261f8ceb53c-ps.txt = AC3\555bc261f8ceb53c-ps.txt
		AC3\555bc261f8ceb53c-ps_replace.txt = AC3\555bc261f8ceb53c-ps_replace.txt
		AC3\6929f85572d639e6-ps.txt = AC3\6929f85572d639e6-ps.txt
		AC3\6929f85572d639e6-ps_replace.txt = AC3\6929f85572d639e6-ps_replace.txt
		AC3\9d8a41dd9b1d7d21-ps.txt = AC3\9d8a41dd9b1d7d21-ps.txt
		AC3\9d8a41dd9b1d7d21-ps_replace.txt = AC3\9d8a41dd9b1d7d21-ps_replace.txt
		AC3\cb301b809e26fd79-ps.txt = AC3\cb301b809e26fd79-ps.txt
		AC3\cb301b809e26fd79-ps_replace.txt = AC3\cb301b809e26fd79-ps_replace.txt
		AC3\d3dx.ini = AC3\d3dx.ini
		AC3\e4957a7d53cf49e4-vs.txt = AC3\e4957a7d53cf49e4-vs.txt
		AC3\e4957a7d53cf49e4-vs_replace.txt = AC3\e4957a7d53cf49e4-vs_replace.txt
		AC3\ee71a8fc444adb10-ps.txt = AC3\ee71a8fc444adb10-ps.txt
		AC3\ee71a8fc444adb10-ps_replace.txt = AC3\ee71a8fc444adb10-ps_replace.txt
	EndProjectSection
EndProject
Global
	GlobalSection(SolutionConfigurationPlatforms) = preSolution
		AC3|Win32 = AC3|Win32
		AC3|x64 = AC3|x64
		Debug|Win32 = Debug|Win32
		Debug|x64 = Debug|x64
		Release|Win32 = Release|Win32
		Release|x64 = Release|x64
	EndGlobalSection
	GlobalSection(ProjectConfigurationPlatforms) = postSolution
		{4265C0D8-8671-49C0-8EB5-EB940FD08482}.AC3|Win32.ActiveCfg = AC3|Win32
		{4265C0D8-8671-49C0-8EB5-EB940FD08482}.AC3|Win32.Build.0 = AC3|Win32
		{4265C0D8-8671-49C0-8EB5-EB940FD08482}.AC3|x64.ActiveCfg = AC3|x64
		{4265C0D8-8671-49C0-8EB5-EB940FD08482}.AC3|x64.Build.0 = AC3|x64
		{4265C0D8-8671-49C0-8EB5-EB940FD08482}.Debug|Win32.ActiveCfg = Debug|Win32
		{4265C0D8-8671-49C0-8EB5-EB940FD08482}.Debug|Win32.Build.0 = Debug|Win32
		{4265C0D8-8671-49C0-8EB5-EB940FD08482}.Debug|x64.ActiveCfg = Debug|x64
		{4265C0D8-8671-49C0-8EB5-EB940FD08482}.Debug|x64.Build.0 = Debug|x64
		{4265C0D8-8671-49C0-8EB5-EB940FD08482}.Release|Win32.ActiveCfg = Release|Win32
		{4265C0D8-8671-49C0-8EB5-EB940FD08482}.Release|Win32.Build.0 = Release|Win32
		{4265C0D8-8671-49C0-8EB5-EB940FD08482}.Release|x64.ActiveCfg = Release|x64
		{4265C0D8-8671-49C0-8EB5-EB940FD08482}.Release|x64.Build.0 = Release|x64
		{C9205DC6-7CE4-4939-9EFC-FE61483CCE01}.AC3|Win32.ActiveCfg = AC3|Win32
		{C9205DC6-7CE4-4939-9EFC-FE61483CCE01}.AC3|Win32.Build.0 = AC3|Win32
		{C9205DC6-7CE4-4939-9EFC-FE61483CCE01}.AC3|x64.ActiveCfg = AC3|x64
		{C9205DC6-7CE4-4939-9EFC-FE61483CCE01}.AC3|x64.Build.0 = AC3|x64
		{C9205DC6-7CE4-4939-9EFC-FE61483CCE01}.Debug|Win32.ActiveCfg = Debug|Win32
		{C9205DC6-7CE4-4939-9EFC-FE61483CCE01}.Debug|Win32.Build.0 = Debug|Win32
		{C9205DC6-7CE4-4939-9EFC-FE61483CCE01}.Debug|x64.ActiveCfg = Debug|x64
		{C9205DC6-7CE4-4939-9EFC-FE61483CCE01}.Debug|x64.Build.0 = Debug|x64
		{C9205DC6-7CE4-4939-9EFC-FE61483CCE01}.Release|Win32.ActiveCfg = Release|Win32
		{C9205DC6-7CE4-4939-9EFC-FE61483CCE01}.Release|Win32.Build.0 = Release|Win32
		{C9205DC6-7CE4-4939-9EFC-FE61483CCE01}.Release|x64.ActiveCfg = Release|x64
		{C9205DC6-7CE4-4939-9EFC-FE61483CCE01}.Release|x64.Build.0 = Release|x64
		{92A679C7-A67F-4B16-B055-7A2F4C23DD80}.AC3|Win32.ActiveCfg = AC3|Win32
		{92A679C7-A67F-4B16-B055-7A2F4C23DD80}.AC3|Win32.Build.0 = AC3|Win32
		{92A679C7-A67F-4B16-B055-7A2F4C23DD80}.AC3|x64.ActiveCfg = AC3|x64
		{92A679C7-A67F-4B16-B055-7A2F4C23DD80}.AC3|x64.Build.0 = AC3|x64
		{92A679C7-A67F-4B16-B055-7A2F4C23DD80}.Debug|Win32.ActiveCfg = Debug|Win32
		{92A679C7-A67F-4B16-B055-7A2F4C23DD80}.Debug|Win32.Build.0 = Debug|Win32
		{92A679C7-A67F-4B16-B055-7A2F4C23DD80}.Debug|x64.ActiveCfg = Debug|x64
		{92A679C7-A67F-4B16-B055-7A2F4C23DD80}.Debug|x64.Build.0 = Debug|x64
		{92A679C7-A67F-4B16-B055-7A2F4C23DD80}.Release|Win32.ActiveCfg = Release|Win32
		{92A679C7-A67F-4B16-B055-7A2F4C23DD80}.Release|Win32.Build.0 = Release|Win32
		{92A679C7-A67F-4B16-B055-7A2F4C23DD80}.Release|x64.ActiveCfg = Release|x64
		{92A679C7-A67F-4B16-B055-7A2F4C23DD80}.Release|x64.Build.0 = Release|x64
		{16459E48-9CD1-49FE-8703-D8B275CFCE1E}.AC3|Win32.ActiveCfg = AC3|Win32
		{16459E48-9CD1-49FE-8703-D8B275CFCE1E}.AC3|Win32.Build.0 = AC3|Win32
		{16459E48-9CD1-49FE-8703-D8B275CFCE1E}.AC3|x64.ActiveCfg = AC3|x64
		{16459E48-9CD1-49FE-8703-D8B275CFCE1E}.AC3|x64.Build.0 = AC3|x64
		{16459E48-9CD1-49FE-8703-D8B275CFCE1E}.Debug|Win32.ActiveCfg = Debug|Win32
		{16459E48-9CD1-49FE-8703-D8B275CFCE1E}.Debug|Win32.Build.0 = Debug|Win32
		{16459E48-9CD1-49FE-8703-D8B275CFCE1E}.Debug|x64.ActiveCfg = Debug|x64
		{16459E48-9CD1-49FE-8703-D8B275CFCE1E}.Debug|x64.Build.0 = Debug|x64
		{16459E48-9CD1-49FE-8703-D8B275CFCE1E}.Release|Win32.ActiveCfg = Release|Win32
		{16459E48-9CD1-49FE-8703-D8B275CFCE1E}.Release|Win32.Build.0 = Release|Win32
		{16459E48-9CD1-49FE-8703-D8B275CFCE1E}.Release|x64.ActiveCfg = Release|x64
		{16459E48-9CD1-49FE-8703-D8B275CFCE1E}.Release|x64.Build.0 = Release|x64
		{374CBD29-E904-48E5-BF6F-A464B1EDCA86}.AC3|Win32.ActiveCfg = AC3|Win32
		{374CBD29-E904-48E5-BF6F-A464B1EDCA86}.AC3|Win32.Build.0 = AC3|Win32
		{374CBD29-E904-48E5-BF6F-A464B1EDCA86}.AC3|x64.ActiveCfg = AC3|x64
		{374CBD29-E904-48E5-BF6F-A464B1EDCA86}.AC3|x64.Build.0 = AC3|x64
		{374CBD29-E904-48E5-BF6F-A464B1EDCA86}.Debug|Win32.ActiveCfg = Debug|Win32
		{374CBD29-E904-48E5-BF6F-A464B1EDCA86}.Debug|Win32.Build.0 = Debug|Win32
		{374CBD29-E904-48E5-BF6F-A464B1EDCA86}.Debug|x64.ActiveCfg = Debug|x64
		{374CBD29-E904-48E5-BF6F-A464B1EDCA86}.Debug|x64.Build.0 = Debug|x64
		{374CBD29-E904-48E5-BF6F-A464B1EDCA86}.Release|Win32.ActiveCfg = Release|Win32
		{374CBD29-E904-48E5-BF6F-A464B1EDCA86}.Release|Win32.Build.0 = Release|Win32
		{374CBD29-E904-48E5-BF6F-A464B1EDCA86}.Release|x64.ActiveCfg = Release|x64
		{374CBD29-E904-48E5-BF6F-A464B1EDCA86}.Release|x64.Build.0 = Release|x64
		{6B6A1EF6-CDED-4BC9-B32D-8C0AB051F620}.AC3|Win32.ActiveCfg = AC3|Win32
		{6B6A1EF6-CDED-4BC9-B32D-8C0AB051F620}.AC3|Win32.Build.0 = AC3|Win32
		{6B6A1EF6-CDED-4BC9-B32D-8C0AB051F620}.AC3|x64.ActiveCfg = AC3|x64
		{6B6A1EF6-CDED-4BC9-B32D-8C0AB051F620}.AC3|x64.Build.0 = AC3|x64
		{6B6A1EF6-CDED-4BC9-B32D-8C0AB051F620}.Debug|Win32.ActiveCfg = Debug|Win32
		{6B6A1EF6-CDED-4BC9-B32D-8C0AB051F620}.Debug|Win32.Build.0 = Debug|Win32
		{6B6A1EF6-CDED-4BC9-B32D-8C0AB051F620}.Debug|x64.ActiveCfg = Debug|x64
		{6B6A1EF6-CDED-4BC9-B32D-8C0AB051F620}.Debug|x64.Build.0 = Debug|x64
		{6B6A1EF6-CDED-4BC9-B32D-8C0AB051F620}.Release|Win32.ActiveCfg = Release|Win32
		{6B6A1EF6-CDED-4BC9-B32D-8C0AB051F620}.Release|Win32.Build.0 = Release|Win32
		{6B6A1EF6-CDED-4BC9-B32D-8C0AB051F620}.Release|x64.ActiveCfg = Release|x64
		{6B6A1EF6-CDED-4BC9-B32D-8C0AB051F620}.Release|x64.Build.0 = Release|x64
		{D831CD64-E2AF-4CEB-97BB-5946F829A40B}.AC3|Win32.ActiveCfg = AC3|Win32
		{D831CD64-E2AF-4CEB-97BB-5946F829A40B}.AC3|Win32.Build.0 = AC3|Win32
		{D831CD64-E2AF-4CEB-97BB-5946F829A40B}.AC3|x64.ActiveCfg = AC3|x64
		{D831CD64-E2AF-4CEB-97BB-5946F829A40B}.AC3|x64.Build.0 = AC3|x64
		{D831CD64-E2AF-4CEB-97BB-5946F829A40B}.Debug|Win32.ActiveCfg = Debug|Win32
		{D831CD64-E2AF-4CEB-97BB-5946F829A40B}.Debug|Win32.Build.0 = Debug|Win32
		{D831CD64-E2AF-4CEB-97BB-5946F829A40B}.Debug|x64.ActiveCfg = Debug|x64
		{D831CD64-E2AF-4CEB-97BB-5946F829A40B}.Debug|x64.Build.0 = Debug|x64
		{D831CD64-E2AF-4CEB-97BB-5946F829A40B}.Release|Win32.ActiveCfg = Release|Win32
		{D831CD64-E2AF-4CEB-97BB-5946F829A40B}.Release|Win32.Build.0 = Release|Win32
		{D831CD64-E2AF-4CEB-97BB-5946F829A40B}.Release|x64.ActiveCfg = Release|x64
		{D831CD64-E2AF-4CEB-97BB-5946F829A40B}.Release|x64.Build.0 = Release|x64
		{0783CE5A-6B8F-4E16-A26F-04F9F21AD078}.AC3|Win32.ActiveCfg = AC3|Win32
		{0783CE5A-6B8F-4E16-A26F-04F9F21AD078}.AC3|Win32.Build.0 = AC3|Win32
		{0783CE5A-6B8F-4E16-A26F-04F9F21AD078}.AC3|x64.ActiveCfg = AC3|x64
		{0783CE5A-6B8F-4E16-A26F-04F9F21AD078}.AC3|x64.Build.0 = AC3|x64
		{0783CE5A-6B8F-4E16-A26F-04F9F21AD078}.Debug|Win32.ActiveCfg = Debug|Win32
		{0783CE5A-6B8F-4E16-A26F-04F9F21AD078}.Debug|Win32.Build.0 = Debug|Win32
		{0783CE5A-6B8F-4E16-A26F-04F9F21AD078}.Debug|x64.ActiveCfg = Debug|x64
		{0783CE5A-6B8F-4E16-A26F-04F9F21AD078}.Debug|x64.Build.0 = Debug|x64
		{0783CE5A-6B8F-4E16-A26F-04F9F21AD078}.Release|Win32.ActiveCfg = Release|Win32
		{0783CE5A-6B8F-4E16-A26F-04F9F21AD078}.Release|Win32.Build.0 = Release|Win32
		{0783CE5A-6B8F-4E16-A26F-04F9F21AD078}.Release|x64.ActiveCfg = Release|x64
		{0783CE5A-6B8F-4E16-A26F-04F9F21AD078}.Release|x64.Build.0 = Release|x64
		{3D750839-C456-4374-9C21-BF596576D8FF}.AC3|Win32.ActiveCfg = AC3|Win32
		{3D750839-C456-4374-9C21-BF596576D8FF}.AC3|Win32.Build.0 = AC3|Win32
		{3D750839-C456-4374-9C21-BF596576D8FF}.AC3|x64.ActiveCfg = AC3|x64
		{3D750839-C456-4374-9C21-BF596576D8FF}.AC3|x64.Build.0 = AC3|x64
		{3D750839-C456-4374-9C21-BF596576D8FF}.Debug|Win32.ActiveCfg = Debug|Win32
		{3D750839-C456-4374-9C21-BF596576D8FF}.Debug|Win32.Build.0 = Debug|Win32
		{3D750839-C456-4374-9C21-BF596576D8FF}.Debug|x64.ActiveCfg = Debug|x64
		{3D750839-C456-4374-9C21-BF596576D8FF}.Debug|x64.Build.0 = Debug|x64
		{3D750839-C456-4374-9C21-BF596576D8FF}.Release|Win32.ActiveCfg = Release|Win32
		{3D750839-C456-4374-9C21-BF596576D8FF}.Release|Win32.Build.0 = Release|Win32
		{3D750839-C456-4374-9C21-BF596576D8FF}.Release|x64.ActiveCfg = Release|x64
		{3D750839-C456-4374-9C21-BF596576D8FF}.Release|x64.Build.0 = Release|x64
		{EB4987CD-CFEE-455A-B678-6D398F0DA30A}.AC3|Win32.ActiveCfg = AC3|Win32
		{EB4987CD-CFEE-455A-B678-6D398F0DA30A}.AC3|Win32.Build.0 = AC3|Win32
		{EB4987CD-CFEE-455A-B678-6D398F0DA30A}.AC3|x64.ActiveCfg = AC3|x64
		{EB4987CD-CFEE-455A-B678-6D398F0DA30A}.AC3|x64.Build.0 = AC3|x64
		{EB4987CD-CFEE-455A-B678-6D398F0DA30A}.Debug|Win32.ActiveCfg = Debug|Win32
		{EB4987CD-CFEE-455A-B678-6D398F0DA30A}.Debug|Win32.Build.0 = Debug|Win32
		{EB4987CD-CFEE-455A-B678-6D398F0DA30A}.Debug|x64.ActiveCfg = Debug|x64
		{EB4987CD-CFEE-455A-B678-6D398F0DA30A}.Debug|x64.Build.0 = Debug|x64
		{EB4987CD-CFEE-455A-B678-6D398F0DA30A}.Release|Win32.ActiveCfg = Release|Win32
		{EB4987CD-CFEE-455A-B678-6D398F0DA30A}.Release|Win32.Build.0 = Release|Win32
		{EB4987CD-CFEE-455A-B678-6D398F0DA30A}.Release|x64.ActiveCfg = Release|x64
		{EB4987CD-CFEE-455A-B678-6D398F0DA30A}.Release|x64.Build.0 = Release|x64
		{258D0AD2-B762-41E3-A0C1-CF831D859DA4}.AC3|Win32.ActiveCfg = AC3|Win32
		{258D0AD2-B762-41E3-A0C1-CF831D859DA4}.AC3|Win32.Build.0 = AC3|Win32
		{258D0AD2-B762-41E3-A0C1-CF831D859DA4}.AC3|x64.ActiveCfg = AC3|x64
		{258D0AD2-B762-41E3-A0C1-CF831D859DA4}.AC3|x64.Build.0 = AC3|x64
		{258D0AD2-B762-41E3-A0C1-CF831D859DA4}.Debug|Win32.ActiveCfg = Debug|Win32
		{258D0AD2-B762-41E3-A0C1-CF831D859DA4}.Debug|Win32.Build.0 = Debug|Win32
		{258D0AD2-B762-41E3-A0C1-CF831D859DA4}.Debug|x64.ActiveCfg = Debug|x64
		{258D0AD2-B762-41E3-A0C1-CF831D859DA4}.Debug|x64.Build.0 = Debug|x64
		{258D0AD2-B762-41E3-A0C1-CF831D859DA4}.Release|Win32.ActiveCfg = Release|Win32
		{258D0AD2-B762-41E3-A0C1-CF831D859DA4}.Release|Win32.Build.0 = Release|Win32
		{258D0AD2-B762-41E3-A0C1-CF831D859DA4}.Release|x64.ActiveCfg = Release|x64
		{258D0AD2-B762-41E3-A0C1-CF831D859DA4}.Release|x64.Build.0 = Release|x64
		{59A9B0C6-8302-48A9-96E0-126FB32FB9ED}.AC3|Win32.ActiveCfg = AC3|Win32
		{59A9B0C6-8302-48A9-96E0-126FB32FB9ED}.AC3|Win32.Build.0 = AC3|Win32
		{59A9B0C6-8302-48A9-96E0-126FB32FB9ED}.AC3|x64.ActiveCfg = AC3|x64
		{59A9B0C6-8302-48A9-96E0-126FB32FB9ED}.AC3|x64.Build.0 = AC3|x64
		{59A9B0C6-8302-48A9-96E0-126FB32FB9ED}.Debug|Win32.ActiveCfg = Debug|Win32
		{59A9B0C6-8302-48A9-96E0-126FB32FB9ED}.Debug|Win32.Build.0 = Debug|Win32
		{59A9B0C6-8302-48A9-96E0-126FB32FB9ED}.Debug|x64.ActiveCfg = Debug|Win32
		{59A9B0C6-8302-48A9-96E0-126FB32FB9ED}.Debug|x64.Build.0 = Debug|Win32
		{59A9B0C6-8302-48A9-96E0-126FB32FB9ED}.Release|Win32.ActiveCfg = Release|Win32
		{59A9B0C6-8302-48A9-96E0-126FB32FB9ED}.Release|Win32.Build.0 = Release|Win32
		{59A9B0C6-8302-48A9-96E0-126FB32FB9ED}.Release|x64.ActiveCfg = Release|Win32
		{59A9B0C6-8302-48A9-96E0-126FB32FB9ED}.Release|x64.Build.0 = Release|Win32
	EndGlobalSection
	GlobalSection(SolutionProperties) = preSolution
		HideSolutionNode = FALSE
	EndGlobalSection
	GlobalSection(NestedProjects) = preSolution
		{881AED83-BA3E-4BF3-B3A3-782E82BE575C} = {1693604A-42AF-4848-B892-D1540FB17FDE}
		{15D3946B-453B-43FF-9CC9-800DD2256C2C} = {1693604A-42AF-4848-B892-D1540FB17FDE}
	EndGlobalSection
	GlobalSection(Performance) = preSolution
		HasPerformanceSessions = true
	EndGlobalSection
EndGlobal
