
Microsoft Visual Studio Solution File, Format Version 12.00
# Visual Studio Express 2013 for Windows Desktop
VisualStudioVersion = 12.0.30110.0
MinimumVisualStudioVersion = 10.0.40219.1
Project("{8BC9CEB8-8B4A-11D0-8D11-00A0C91BC942}") = "DirectX9", "DirectX9\DirectX9.vcxproj", "{4265C0D8-8671-49C0-8EB5-EB940FD08482}"
EndProject
Project("{8BC9CEB8-8B4A-11D0-8D11-00A0C91BC942}") = "DirectX10", "DirectX10\DirectX10.vcxproj", "{C9205DC6-7CE4-4939-9EFC-FE61483CCE01}"
EndProject
Project("{8BC9CEB8-8B4A-11D0-8D11-00A0C91BC942}") = "DirectX11", "DirectX11\DirectX11.vcxproj", "{92A679C7-A67F-4B16-B055-7A2F4C23DD80}"
EndProject
Project("{8BC9CEB8-8B4A-11D0-8D11-00A0C91BC942}") = "DirectXGI", "DirectXGI\DirectXGI.vcxproj", "{16459E48-9CD1-49FE-8703-D8B275CFCE1E}"
EndProject
Project("{8BC9CEB8-8B4A-11D0-8D11-00A0C91BC942}") = "NVAPI", "NVAPI\NVAPI.vcxproj", "{374CBD29-E904-48E5-BF6F-A464B1EDCA86}"
EndProject
Project("{8BC9CEB8-8B4A-11D0-8D11-00A0C91BC942}") = "D3DCompiler_42", "D3DCompiler_42\D3DCompiler_42.vcxproj", "{6B6A1EF6-CDED-4BC9-B32D-8C0AB051F620}"
EndProject
Project("{8BC9CEB8-8B4A-11D0-8D11-00A0C91BC942}") = "D3DCompiler_43", "D3DCompiler_43\D3DCompiler_43.vcxproj", "{D831CD64-E2AF-4CEB-97BB-5946F829A40B}"
EndProject
Project("{8BC9CEB8-8B4A-11D0-8D11-00A0C91BC942}") = "D3DCompiler_46", "D3DCompiler_46\D3DCompiler_46.vcxproj", "{0783CE5A-6B8F-4E16-A26F-04F9F21AD078}"
EndProject
Project("{8BC9CEB8-8B4A-11D0-8D11-00A0C91BC942}") = "D3DCompiler_39", "D3DCompiler_39\D3DCompiler_39.vcxproj", "{3D750839-C456-4374-9C21-BF596576D8FF}"
EndProject
Project("{8BC9CEB8-8B4A-11D0-8D11-00A0C91BC942}") = "D3DCompiler_41", "D3DCompiler_41\D3DCompiler_41.vcxproj", "{EB4987CD-CFEE-455A-B678-6D398F0DA30A}"
EndProject
Project("{8BC9CEB8-8B4A-11D0-8D11-00A0C91BC942}") = "BinaryDecompiler", "BinaryDecompiler\BinaryDecompiler.vcxproj", "{258D0AD2-B762-41E3-A0C1-CF831D859DA4}"
EndProject
Project("{2150E333-8FDC-42A3-9474-1A3956D46DE8}") = "Solution Items", "Solution Items", "{1693604A-42AF-4848-B892-D1540FB17FDE}"
	ProjectSection(SolutionItems) = preProject
		d3dx.ini = d3dx.ini
	EndProjectSection
EndProject
Global
	GlobalSection(SolutionConfigurationPlatforms) = preSolution
		Debug|Win32 = Debug|Win32
		Release|Win32 = Release|Win32
	EndGlobalSection
	GlobalSection(ProjectConfigurationPlatforms) = postSolution
		{4265C0D8-8671-49C0-8EB5-EB940FD08482}.Debug|Win32.ActiveCfg = Debug|Win32
		{4265C0D8-8671-49C0-8EB5-EB940FD08482}.Debug|Win32.Build.0 = Debug|Win32
		{4265C0D8-8671-49C0-8EB5-EB940FD08482}.Release|Win32.ActiveCfg = Release|Win32
		{4265C0D8-8671-49C0-8EB5-EB940FD08482}.Release|Win32.Build.0 = Release|Win32
		{C9205DC6-7CE4-4939-9EFC-FE61483CCE01}.Debug|Win32.ActiveCfg = Debug|Win32
		{C9205DC6-7CE4-4939-9EFC-FE61483CCE01}.Debug|Win32.Build.0 = Debug|Win32
		{C9205DC6-7CE4-4939-9EFC-FE61483CCE01}.Release|Win32.ActiveCfg = Release|Win32
		{C9205DC6-7CE4-4939-9EFC-FE61483CCE01}.Release|Win32.Build.0 = Release|Win32
		{92A679C7-A67F-4B16-B055-7A2F4C23DD80}.Debug|Win32.ActiveCfg = Debug|Win32
		{92A679C7-A67F-4B16-B055-7A2F4C23DD80}.Debug|Win32.Build.0 = Debug|Win32
		{92A679C7-A67F-4B16-B055-7A2F4C23DD80}.Release|Win32.ActiveCfg = Release|Win32
		{92A679C7-A67F-4B16-B055-7A2F4C23DD80}.Release|Win32.Build.0 = Release|Win32
		{16459E48-9CD1-49FE-8703-D8B275CFCE1E}.Debug|Win32.ActiveCfg = Debug|Win32
		{16459E48-9CD1-49FE-8703-D8B275CFCE1E}.Debug|Win32.Build.0 = Debug|Win32
		{16459E48-9CD1-49FE-8703-D8B275CFCE1E}.Release|Win32.ActiveCfg = Release|Win32
		{16459E48-9CD1-49FE-8703-D8B275CFCE1E}.Release|Win32.Build.0 = Release|Win32
		{374CBD29-E904-48E5-BF6F-A464B1EDCA86}.Debug|Win32.ActiveCfg = Debug|Win32
		{374CBD29-E904-48E5-BF6F-A464B1EDCA86}.Debug|Win32.Build.0 = Debug|Win32
		{374CBD29-E904-48E5-BF6F-A464B1EDCA86}.Release|Win32.ActiveCfg = Release|Win32
		{374CBD29-E904-48E5-BF6F-A464B1EDCA86}.Release|Win32.Build.0 = Release|Win32
		{6B6A1EF6-CDED-4BC9-B32D-8C0AB051F620}.Debug|Win32.ActiveCfg = Debug|Win32
		{6B6A1EF6-CDED-4BC9-B32D-8C0AB051F620}.Debug|Win32.Build.0 = Debug|Win32
		{6B6A1EF6-CDED-4BC9-B32D-8C0AB051F620}.Release|Win32.ActiveCfg = Release|Win32
		{6B6A1EF6-CDED-4BC9-B32D-8C0AB051F620}.Release|Win32.Build.0 = Release|Win32
		{D831CD64-E2AF-4CEB-97BB-5946F829A40B}.Debug|Win32.ActiveCfg = Debug|Win32
		{D831CD64-E2AF-4CEB-97BB-5946F829A40B}.Debug|Win32.Build.0 = Debug|Win32
		{D831CD64-E2AF-4CEB-97BB-5946F829A40B}.Release|Win32.ActiveCfg = Release|Win32
		{D831CD64-E2AF-4CEB-97BB-5946F829A40B}.Release|Win32.Build.0 = Release|Win32
		{0783CE5A-6B8F-4E16-A26F-04F9F21AD078}.Debug|Win32.ActiveCfg = Debug|Win32
		{0783CE5A-6B8F-4E16-A26F-04F9F21AD078}.Debug|Win32.Build.0 = Debug|Win32
		{0783CE5A-6B8F-4E16-A26F-04F9F21AD078}.Release|Win32.ActiveCfg = Release|Win32
		{0783CE5A-6B8F-4E16-A26F-04F9F21AD078}.Release|Win32.Build.0 = Release|Win32
		{3D750839-C456-4374-9C21-BF596576D8FF}.Debug|Win32.ActiveCfg = Debug|Win32
		{3D750839-C456-4374-9C21-BF596576D8FF}.Debug|Win32.Build.0 = Debug|Win32
		{3D750839-C456-4374-9C21-BF596576D8FF}.Release|Win32.ActiveCfg = Release|Win32
		{3D750839-C456-4374-9C21-BF596576D8FF}.Release|Win32.Build.0 = Release|Win32
		{EB4987CD-CFEE-455A-B678-6D398F0DA30A}.Debug|Win32.ActiveCfg = Debug|Win32
		{EB4987CD-CFEE-455A-B678-6D398F0DA30A}.Debug|Win32.Build.0 = Debug|Win32
		{EB4987CD-CFEE-455A-B678-6D398F0DA30A}.Release|Win32.ActiveCfg = Release|Win32
		{EB4987CD-CFEE-455A-B678-6D398F0DA30A}.Release|Win32.Build.0 = Release|Win32
		{258D0AD2-B762-41E3-A0C1-CF831D859DA4}.Debug|Win32.ActiveCfg = Debug|Win32
		{258D0AD2-B762-41E3-A0C1-CF831D859DA4}.Debug|Win32.Build.0 = Debug|Win32
		{258D0AD2-B762-41E3-A0C1-CF831D859DA4}.Release|Win32.ActiveCfg = Release|Win32
		{258D0AD2-B762-41E3-A0C1-CF831D859DA4}.Release|Win32.Build.0 = Release|Win32
	EndGlobalSection
	GlobalSection(SolutionProperties) = preSolution
		HideSolutionNode = FALSE
	EndGlobalSection
EndGlobal
