<?xml version="1.0" encoding="utf-8"?>
<Project ToolsVersion="4.0" xmlns="http://schemas.microsoft.com/developer/msbuild/2003">
  <ItemGroup>
    <ClCompile Include="HookAddresses.c" />
    <ClCompile Include="CommandList.cpp" Filter="Source Files"/>
    <ClCompile Include="cursor.cpp" Filter="Source Files" />
    <ClCompile Include="D3D11Wrapper.cpp" Filter="Source Files" />
    <ClCompile Include="DLLMainHook.cpp" Filter="Source Files" />
    <ClCompile Include="FrameAnalysis.cpp" Filter="Source Files" />
    <ClCompile Include="HackerContext.cpp" Filter="Source Files" />
    <ClCompile Include="HackerDevice.cpp" Filter="Source Files" />
    <ClCompile Include="HackerDXGI.cpp" Filter="Source Files" />
    <ClCompile Include="HookedContext.cpp" Filter="Source Files" />
    <ClCompile Include="HookedDevice.cpp" Filter="Source Files" />
    <ClCompile Include="HookedDXGI.cpp" Filter="Source Files" />
    <ClCompile Include="Hunting.cpp" Filter="Source Files" />
    <ClCompile Include="IniHandler.cpp" Filter="Source Files" />
    <ClCompile Include="Input.cpp" Filter="Source Files" />
    <ClCompile Include="lock.cpp" Filter="Source Files" />
    <ClCompile Include="nvprofile.cpp" Filter="Source Files" />
    <ClCompile Include="Overlay.cpp" Filter="Source Files" />
    <ClCompile Include="Override.cpp" Filter="Source Files" />
    <ClCompile Include="profiling.cpp" Filter="Source Files" />
    <ClCompile Include="ResourceHash.cpp" Filter="Source Files" />
    <ClCompile Include="ShaderRegex.cpp" Filter="Source Files" />
    <ClCompile Include="..\util.cpp" Filter="Source Files" />
    <ClCompile Include="..\iid.cpp" Filter="Source Files" />
    <ClCompile Include="..\ini_parser_lite.cpp" Filter="Source Files" />
  </ItemGroup>
  <ItemGroup>
    <None Include="d3d11Wrapper.def" />
  </ItemGroup>
  <ItemGroup>
    <ClInclude Include="CommandList.h" Filter="Header Files" />
    <ClInclude Include="cursor.h" Filter="Header Files" />
    <ClInclude Include="D3D11Wrapper.h" Filter="Header Files" />
    <ClInclude Include="DLLMainHook.h" Filter="Header Files" />
    <ClInclude Include="FrameAnalysis.h" Filter="Header Files" />
    <ClInclude Include="Globals.h" Filter="Header Files" />
    <ClInclude Include="HackerContext.h" Filter="Header Files" />
    <ClInclude Include="HackerDevice.h" Filter="Header Files" />
    <ClInclude Include="HackerDXGI.h" Filter="Header Files" />
    <ClInclude Include="HookedContext.h" Filter="Header Files" />
    <ClInclude Include="HookedDevice.h" Filter="Header Files" />
    <ClInclude Include="HookedDXGI.h" Filter="Header Files" />
    <ClInclude Include="Hunting.h" Filter="Header Files" />
    <ClInclude Include="IniHandler.h" Filter="Header Files" />
    <ClInclude Include="Input.h" Filter="Header Files" />
    <ClInclude Include="lock.h" Filter="Header Files" />
    <ClInclude Include="nvprofile.h" Filter="Header Files" />
    <ClInclude Include="Overlay.h" Filter="Header Files" />
    <ClInclude Include="Override.h" Filter="Header Files" />
    <ClInclude Include="profiling.h" Filter="Header Files" />
    <ClInclude Include="ResourceHash.h" Filter="Header Files" />
    <ClInclude Include="ShaderRegex.h" Filter="Header Files" />
  </ItemGroup>
  <ItemGroup>
    <ResourceCompile Include="DirectX11.rc" />
  </ItemGroup>
  <ItemGroup>
    <Filter Include="Header Files">
      <UniqueIdentifier>{889aa926-57af-41da-97e0-b14b6d5129ea}</UniqueIdentifier>
    </Filter>
    <Filter Include="Source Files">
      <UniqueIdentifier>{61c044e9-2cf3-4560-bc82-ecb8d10c2911}</UniqueIdentifier>
    </Filter>
  </ItemGroup>
</Project>