<?xml version="1.0" encoding="utf-8"?>
<Project ToolsVersion="4.0" xmlns="http://schemas.microsoft.com/developer/msbuild/2003">
  <ItemGroup>
    <ClCompile Include="d3d10Wrapper.cpp" />
    <ClCompile Include="..\HLSLDecompiler\DecompileHLSL.cpp" />
    <ClCompile Include="Override.cpp" />
    <ClCompile Include="input.cpp" />
    <ClCompile Include="Hunting.cpp" />
    <ClCompile Include="IniHandler.cpp" />
  </ItemGroup>
  <ItemGroup>
    <None Include="d3d10Wrapper.def" />
  </ItemGroup>
  <ItemGroup>
    <ClInclude Include="d3d10Wrapper.h" />
    <ClInclude Include="Main.h" />
    <ClInclude Include="Direct3D10Device.h" />
    <ClInclude Include="d3d10WrapperDevice.h" />
    <ClInclude Include="globals.h" />
    <ClInclude Include="..\HLSLDecompiler\DecompileHLSL.h" />
    <ClInclude Include="Override.h" />
    <ClInclude Include="input.h" />
    <ClInclude Include="IniHandler.h" />
    <ClInclude Include="Hunting.h" />
    <ClInclude Include="..\log.h" />
    <ClInclude Include="nvstereo.h" />
  </ItemGroup>
</Project>