<?xml version="1.0" encoding="utf-8"?>
<Project ToolsVersion="4.0" xmlns="http://schemas.microsoft.com/developer/msbuild/2003">
  <ItemGroup>
    <Filter Include="Source Files">
      <UniqueIdentifier>{4FC737F1-C7A5-4376-A066-2A32D752A2FF}</UniqueIdentifier>
      <Extensions>cpp;c;cc;cxx;def;odl;idl;hpj;bat;asm;asmx</Extensions>
    </Filter>
    <Filter Include="Header Files">
      <UniqueIdentifier>{93995380-89BD-4b04-88EB-625FBE52EBFB}</UniqueIdentifier>
      <Extensions>h;hpp;hxx;hm;inl;inc;xsd</Extensions>
    </Filter>
    <Filter Include="Resource Files">
      <UniqueIdentifier>{67DA6AB6-F800-4c08-8B7A-83BB121AAD01}</UniqueIdentifier>
      <Extensions>rc;ico;cur;bmp;dlg;rc2;rct;bin;rgs;gif;jpg;jpeg;jpe;resx;tiff;tif;png;wav;mfcribbon-ms</Extensions>
    </Filter>
  </ItemGroup>
  <ItemGroup>
    <ClCompile Include="decode.cpp">
      <Filter>Source Files</Filter>
    </ClCompile>
    <ClCompile Include="reflect.cpp">
      <Filter>Source Files</Filter>
    </ClCompile>
  </ItemGroup>
  <ItemGroup>
    <ClInclude Include="include\hlslcc.h">
      <Filter>Header Files</Filter>
    </ClInclude>
    <ClInclude Include="include\hlslcc.hpp">
      <Filter>Header Files</Filter>
    </ClInclude>
    <ClInclude Include="include\pstdint.h">
      <Filter>Header Files</Filter>
    </ClInclude>
    <ClInclude Include="internal_includes\debug.h">
      <Filter>Header Files</Filter>
    </ClInclude>
    <ClInclude Include="internal_includes\decode.h">
      <Filter>Header Files</Filter>
    </ClInclude>
    <ClInclude Include="internal_includes\hlsl_opcode_funcs_glsl.h">
      <Filter>Header Files</Filter>
    </ClInclude>
    <ClInclude Include="internal_includes\languages.h">
      <Filter>Header Files</Filter>
    </ClInclude>
    <ClInclude Include="internal_includes\reflect.h">
      <Filter>Header Files</Filter>
    </ClInclude>
    <ClInclude Include="internal_includes\shaderLimits.h">
      <Filter>Header Files</Filter>
    </ClInclude>
    <ClInclude Include="internal_includes\structs.h">
      <Filter>Header Files</Filter>
    </ClInclude>
    <ClInclude Include="internal_includes\tokens.h">
      <Filter>Header Files</Filter>
    </ClInclude>
    <ClInclude Include="internal_includes\tokensDX9.h">
      <Filter>Header Files</Filter>
    </ClInclude>
  </ItemGroup>
  <ItemGroup>
    <None Include="internal_includes\hlsl_opcode_funcs.glsl" />
  </ItemGroup>
</Project>