<?xml version="1.0" encoding="utf-8"?>
<Project ToolsVersion="4.0" xmlns="http://schemas.microsoft.com/developer/msbuild/2003">
  <ItemGroup>
    <ClCompile Include="d3dxgiWrapper.cpp" />
  </ItemGroup>
  <ItemGroup>
    <None Include="d3dxgiWrapper.def" />
  </ItemGroup>
  <ItemGroup>
    <ClInclude Include="d3dxgiWrapper.h" />
    <ClInclude Include="Direct3DXGIFunctions.h" />
    <ClInclude Include="Main.h" />
  </ItemGroup>
</Project>