<?xml version="1.0" encoding="utf-8"?>
<Project ToolsVersion="4.0" xmlns="http://schemas.microsoft.com/developer/msbuild/2003">
  <ItemGroup>
    <ClCompile Include="DllMain.cpp" />
  </ItemGroup>
  <ItemGroup>
    <None Include="NVApiDecorator.def" />
  </ItemGroup>
  <ItemGroup>
    <ClInclude Include="Main.h" />
    <ClInclude Include="..\nvapi.h" />
    <ClInclude Include="..\nvstereo.h" />
    <ClInclude Include="..\version.h" />
  </ItemGroup>
  <ItemGroup>
    <ResourceCompile Include="NVAPI.rc" />
  </ItemGroup>
</Project>