<?xml version="1.0" encoding="utf-8"?>
<Project ToolsVersion="4.0" xmlns="http://schemas.microsoft.com/developer/msbuild/2003">
  <ItemGroup>
    <ClCompile Include="CommandList.cpp" Filter="Source Files" />
    <ClCompile Include="ConstantsTable.cpp" Filter="Source Files" />
    <ClCompile Include="cursor.cpp" Filter="Source Files" />
    <ClCompile Include="d3d9Wrapper.cpp" Filter="Source Files" />
    <ClCompile Include="D3DFont.cpp" Filter="Source Files" />
    <ClCompile Include="DLLMainHookDX9.cpp" Filter="Source Files" />
    <ClCompile Include="HookedCubeTexture.cpp" Filter="Source Files" />
    <ClCompile Include="HookedD9.cpp" Filter="Source Files" />
    <ClCompile Include="HookedDeviceDX9.cpp" Filter="Source Files" />
    <ClCompile Include="HookedIndexBuffer.cpp" Filter="Source Files" />
    <ClCompile Include="HookedPixelShader.cpp" Filter="Source Files" />
    <ClCompile Include="HookedQuery.cpp" Filter="Source Files" />
    <ClCompile Include="HookedStateBlock.cpp" Filter="Source Files" />
    <ClCompile Include="HookedSurface.cpp" Filter="Source Files" />
    <ClCompile Include="HookedSwapChain.cpp" Filter="Source Files" />
    <ClCompile Include="HookedTexture.cpp" Filter="Source Files" />
    <ClCompile Include="HookedVertexBuffer.cpp" Filter="Source Files" />
    <ClCompile Include="HookedVertexDeclaration.cpp" Filter="Source Files" />
    <ClCompile Include="HookedVertexShader.cpp" Filter="Source Files" />
    <ClCompile Include="HookedVolume.cpp" Filter="Source Files" />
    <ClCompile Include="HookedVolumeTexture.cpp" Filter="Source Files" />
    <ClCompile Include="Hunting.cpp" Filter="Source Files" />
    <ClCompile Include="IniHandler.cpp" Filter="Source Files" />
    <ClCompile Include="Input.cpp" Filter="Source Files" />
    <ClCompile Include="Main.cpp" Filter="Source Files" />
    <ClCompile Include="nvprofile.cpp" Filter="Source Files" />
    <ClCompile Include="Overlay.cpp" Filter="Source Files" />
    <ClCompile Include="Override.cpp" Filter="Source Files" />
    <ClCompile Include="profiling.cpp" Filter="Source Files" />
    <ClCompile Include="ResourceHash.cpp" Filter="Source Files" />
    <ClCompile Include="ShaderRegex.cpp" Filter="Source Files" />
    <ClCompile Include="..\util.cpp" Filter="Source Files" />
  </ItemGroup>
  <ItemGroup>
    <ClInclude Include="CommandList.h" Filter="Header Files" />
    <ClInclude Include="ConstantsTable.h" Filter="Header Files" />
    <ClInclude Include="cursor.h" Filter="Header Files" />
    <ClInclude Include="d3d9Wrapper.h" Filter="Header Files" />
    <ClInclude Include="D3DFont.h" Filter="Header Files" />
    <ClInclude Include="Direct3D9Functions.h" Filter="Header Files" />
    <ClInclude Include="Direct3DBaseTexture9Functions.h" Filter="Header Files" />
    <ClInclude Include="Direct3DCubeTexture9Functions.h" Filter="Header Files" />
    <ClInclude Include="Direct3DDevice9Functions.h" Filter="Header Files" />
    <ClInclude Include="Direct3DIndexBuffer9Functions.h" Filter="Header Files" />
    <ClInclude Include="Direct3DPixelShader9Functions.h" Filter="Header Files" />
    <ClInclude Include="Direct3DQuery9Functions.h" Filter="Header Files" />
    <ClInclude Include="Direct3DResource9Functions.h" Filter="Header Files" />
    <ClInclude Include="Direct3DShader9Functions.h" Filter="Header Files" />
    <ClInclude Include="Direct3DStateBlock9Functions.h" Filter="Header Files" />
    <ClInclude Include="Direct3DSurface9Functions.h" Filter="Header Files" />
    <ClInclude Include="Direct3DSwapChain9Functions.h" Filter="Header Files" />
    <ClInclude Include="Direct3DTexture9Functions.h" Filter="Header Files" />
    <ClInclude Include="Direct3DVertexBuffer9Functions.h" Filter="Header Files" />
    <ClInclude Include="Direct3DVertexDeclaration9Functions.h" Filter="Header Files" />
    <ClInclude Include="Direct3DVertexShader9Functions.h" Filter="Header Files" />
    <ClInclude Include="Direct3DVolume9Functions.h" Filter="Header Files" />
    <ClInclude Include="Direct3DVolumeTexture9Functions.h" Filter="Header Files" />
    <ClInclude Include="DLLMainHookDX9.h" Filter="Header Files" />
    <ClInclude Include="DrawCallInfo.h" Filter="Header Files" />
    <ClInclude Include="FrameAnalysis.h" Filter="Header Files" />
    <ClInclude Include="FrameAnalysisFunctions.h" Filter="Header Files" />
    <ClInclude Include="Globals.h" Filter="Header Files" />
    <ClInclude Include="HookedCubeTexture.h" Filter="Header Files" />
    <ClInclude Include="HookedD3DX.h" Filter="Header Files" />
    <ClInclude Include="HookedD3DXFunctions.h" Filter="Header Files" />
    <ClInclude Include="HookedD9.h" Filter="Header Files" />
    <ClInclude Include="HookedDeviceDX9.h" Filter="Header Files" />
    <ClInclude Include="HookedIndexBuffer.h" Filter="Header Files" />
    <ClInclude Include="HookedPixelShader.h" Filter="Header Files" />
    <ClInclude Include="HookedQuery.h" Filter="Header Files" />
    <ClInclude Include="HookedStateBlock.h" Filter="Header Files" />
    <ClInclude Include="HookedSurface.h" Filter="Header Files" />
    <ClInclude Include="HookedSwapChain.h" Filter="Header Files" />
    <ClInclude Include="HookedTexture.h" Filter="Header Files" />
    <ClInclude Include="HookedVertexBuffer.h" Filter="Header Files" />
    <ClInclude Include="HookedVertexDeclaration.h" Filter="Header Files" />
    <ClInclude Include="HookedVertexShader.h" Filter="Header Files" />
    <ClInclude Include="HookedVolume.h" Filter="Header Files" />
    <ClInclude Include="HookedVolumeTexture.h" Filter="Header Files" />
    <ClInclude Include="Hunting.h" Filter="Header Files" />
    <ClInclude Include="IniHandler.h" Filter="Header Files" />
    <ClInclude Include="Input.h" Filter="Header Files" />
    <ClInclude Include="..\log.h" Filter="Header Files" />
    <ClInclude Include="Main.h" Filter="Header Files" />
    <ClInclude Include="nvprofile.h" Filter="Header Files" />
    <ClInclude Include="Overlay.h" Filter="Header Files" />
    <ClInclude Include="Override.h" Filter="Header Files" />
    <ClInclude Include="profiling.h" Filter="Header Files" />
    <ClInclude Include="resource.h" Filter="Header Files" />
    <ClInclude Include="ResourceHash.h" Filter="Header Files" />
    <ClInclude Include="ShaderRegex.h" Filter="Header Files" />
    <ClInclude Include="..\util.h" Filter="Header Files" />
    <ClInclude Include="..\vkeys.h" Filter="Header Files" />
  </ItemGroup>
  <ItemGroup>
    <None Include="d3d9Wrapper.def" />
  </ItemGroup>
  <ItemGroup>
    <ResourceCompile Include="DirectX9.rc" />
  </ItemGroup>
  <ItemGroup>
    <Filter Include="Source Files">
      <UniqueIdentifier>{105e2fb3-760d-44d1-8788-b17c89dc20c8}</UniqueIdentifier>
    </Filter>
    <Filter Include="Header Files">
      <UniqueIdentifier>{36c84501-e960-4ec8-9f5d-01b0705626e4}</UniqueIdentifier>
    </Filter>
  </ItemGroup>
</Project>